// !$*UTF8*$!
{
	archiveVersion = 1;
	classes = {
	};
	objectVersion = 50;
	objects = {

/* Begin PBXBuildFile section */
		DC1D353922A1005800BC42E6 /* AppDelegate.swift in Sources */ = {isa = PBXBuildFile; fileRef = DC1D353822A1005800BC42E6 /* AppDelegate.swift */; };
		DC1D353B22A1005800BC42E6 /* GameScene.sks in Resources */ = {isa = PBXBuildFile; fileRef = DC1D353A22A1005800BC42E6 /* GameScene.sks */; };
		DC1D353F22A1005800BC42E6 /* GameScene.swift in Sources */ = {isa = PBXBuildFile; fileRef = DC1D353E22A1005800BC42E6 /* GameScene.swift */; };
		DC1D354122A1005800BC42E6 /* GameViewController.swift in Sources */ = {isa = PBXBuildFile; fileRef = DC1D354022A1005800BC42E6 /* GameViewController.swift */; };
		DC1D354422A1005800BC42E6 /* Main.storyboard in Resources */ = {isa = PBXBuildFile; fileRef = DC1D354222A1005800BC42E6 /* Main.storyboard */; };
		DC1D354622A1005A00BC42E6 /* Assets.xcassets in Resources */ = {isa = PBXBuildFile; fileRef = DC1D354522A1005A00BC42E6 /* Assets.xcassets */; };
		DC1D354922A1005A00BC42E6 /* LaunchScreen.storyboard in Resources */ = {isa = PBXBuildFile; fileRef = DC1D354722A1005A00BC42E6 /* LaunchScreen.storyboard */; };
		DC1D355122A100CA00BC42E6 /* LocalNetworking.swift in Sources */ = {isa = PBXBuildFile; fileRef = DC1D355022A100CA00BC42E6 /* LocalNetworking.swift */; };
		DC1D355322A100FF00BC42E6 /* OthelloNetwork.swift in Sources */ = {isa = PBXBuildFile; fileRef = DC1D355222A100FF00BC42E6 /* OthelloNetwork.swift */; };
		DC1D355522A1015700BC42E6 /* Marker.swift in Sources */ = {isa = PBXBuildFile; fileRef = DC1D355422A1015700BC42E6 /* Marker.swift */; };
		DC1D355722A1030200BC42E6 /* Array2D.swift in Sources */ = {isa = PBXBuildFile; fileRef = DC1D355622A1030200BC42E6 /* Array2D.swift */; };
		DC1D355922A1032800BC42E6 /* Board.swift in Sources */ = {isa = PBXBuildFile; fileRef = DC1D355822A1032800BC42E6 /* Board.swift */; };
		DC1D355B22A1244200BC42E6 /* BoardView.swift in Sources */ = {isa = PBXBuildFile; fileRef = DC1D355A22A1244200BC42E6 /* BoardView.swift */; };
		DC1D355D22A125BB00BC42E6 /* MarkerView.swift in Sources */ = {isa = PBXBuildFile; fileRef = DC1D355C22A125BB00BC42E6 /* MarkerView.swift */; };
		DC1D355F22A129BE00BC42E6 /* OthelloDelegate.swift in Sources */ = {isa = PBXBuildFile; fileRef = DC1D355E22A129BE00BC42E6 /* OthelloDelegate.swift */; };
		DC1D356122A133CD00BC42E6 /* MatchMakingScene.swift in Sources */ = {isa = PBXBuildFile; fileRef = DC1D356022A133CD00BC42E6 /* MatchMakingScene.swift */; };
		DC1D356322A1343000BC42E6 /* MatchMakingScene.sks in Resources */ = {isa = PBXBuildFile; fileRef = DC1D356222A1343000BC42E6 /* MatchMakingScene.sks */; };
		DC3DBD7822FC4094002E0B99 /* SKScene+Localization.swift in Sources */ = {isa = PBXBuildFile; fileRef = DC3DBD7722FC4094002E0B99 /* SKScene+Localization.swift */; };
		DC3DBD7922FC43C9002E0B99 /* Localizable.strings in Resources */ = {isa = PBXBuildFile; fileRef = DC3DBD7B22FC43C9002E0B99 /* Localizable.strings */; };
		DC8D94EA22A1357F001091EE /* Player.swift in Sources */ = {isa = PBXBuildFile; fileRef = DC8D94E922A1357F001091EE /* Player.swift */; };
		DC8D94EC22A13619001091EE /* RandomAIPlayer.swift in Sources */ = {isa = PBXBuildFile; fileRef = DC8D94EB22A13619001091EE /* RandomAIPlayer.swift */; };
		DC8D94EE22A13E9A001091EE /* NetworkPlayer.swift in Sources */ = {isa = PBXBuildFile; fileRef = DC8D94ED22A13E9A001091EE /* NetworkPlayer.swift */; };
		DC8D94F022A1A0D5001091EE /* GameOverScene.swift in Sources */ = {isa = PBXBuildFile; fileRef = DC8D94EF22A1A0D5001091EE /* GameOverScene.swift */; };
		DC8D94F222A1A2AD001091EE /* GameOverScene.sks in Resources */ = {isa = PBXBuildFile; fileRef = DC8D94F122A1A2AD001091EE /* GameOverScene.sks */; };
		DC8D94F422A25EF0001091EE /* MostWinsAIPlayer.swift in Sources */ = {isa = PBXBuildFile; fileRef = DC8D94F322A25EF0001091EE /* MostWinsAIPlayer.swift */; };
		DC8D94F622A2608E001091EE /* WeightedAIPlayer.swift in Sources */ = {isa = PBXBuildFile; fileRef = DC8D94F522A2608E001091EE /* WeightedAIPlayer.swift */; };
		DC8D94F822A59CB9001091EE /* AlphaBetaAIPlayer.swift in Sources */ = {isa = PBXBuildFile; fileRef = DC8D94F722A59CB8001091EE /* AlphaBetaAIPlayer.swift */; };
/* End PBXBuildFile section */

/* Begin PBXFileReference section */
		DC1D353522A1005800BC42E6 /* Othello.app */ = {isa = PBXFileReference; explicitFileType = wrapper.application; includeInIndex = 0; path = Othello.app; sourceTree = BUILT_PRODUCTS_DIR; };
		DC1D353822A1005800BC42E6 /* AppDelegate.swift */ = {isa = PBXFileReference; lastKnownFileType = sourcecode.swift; path = AppDelegate.swift; sourceTree = "<group>"; };
		DC1D353A22A1005800BC42E6 /* GameScene.sks */ = {isa = PBXFileReference; lastKnownFileType = file.sks; path = GameScene.sks; sourceTree = "<group>"; };
		DC1D353E22A1005800BC42E6 /* GameScene.swift */ = {isa = PBXFileReference; lastKnownFileType = sourcecode.swift; path = GameScene.swift; sourceTree = "<group>"; };
		DC1D354022A1005800BC42E6 /* GameViewController.swift */ = {isa = PBXFileReference; lastKnownFileType = sourcecode.swift; path = GameViewController.swift; sourceTree = "<group>"; };
		DC1D354322A1005800BC42E6 /* Base */ = {isa = PBXFileReference; lastKnownFileType = file.storyboard; name = Base; path = Base.lproj/Main.storyboard; sourceTree = "<group>"; };
		DC1D354522A1005A00BC42E6 /* Assets.xcassets */ = {isa = PBXFileReference; lastKnownFileType = folder.assetcatalog; path = Assets.xcassets; sourceTree = "<group>"; };
		DC1D354822A1005A00BC42E6 /* Base */ = {isa = PBXFileReference; lastKnownFileType = file.storyboard; name = Base; path = Base.lproj/LaunchScreen.storyboard; sourceTree = "<group>"; };
		DC1D354A22A1005A00BC42E6 /* Info.plist */ = {isa = PBXFileReference; lastKnownFileType = text.plist.xml; path = Info.plist; sourceTree = "<group>"; };
		DC1D355022A100CA00BC42E6 /* LocalNetworking.swift */ = {isa = PBXFileReference; lastKnownFileType = sourcecode.swift; path = LocalNetworking.swift; sourceTree = "<group>"; };
		DC1D355222A100FF00BC42E6 /* OthelloNetwork.swift */ = {isa = PBXFileReference; lastKnownFileType = sourcecode.swift; path = OthelloNetwork.swift; sourceTree = "<group>"; };
		DC1D355422A1015700BC42E6 /* Marker.swift */ = {isa = PBXFileReference; lastKnownFileType = sourcecode.swift; path = Marker.swift; sourceTree = "<group>"; };
		DC1D355622A1030200BC42E6 /* Array2D.swift */ = {isa = PBXFileReference; lastKnownFileType = sourcecode.swift; path = Array2D.swift; sourceTree = "<group>"; };
		DC1D355822A1032800BC42E6 /* Board.swift */ = {isa = PBXFileReference; lastKnownFileType = sourcecode.swift; path = Board.swift; sourceTree = "<group>"; };
		DC1D355A22A1244200BC42E6 /* BoardView.swift */ = {isa = PBXFileReference; lastKnownFileType = sourcecode.swift; path = BoardView.swift; sourceTree = "<group>"; };
		DC1D355C22A125BB00BC42E6 /* MarkerView.swift */ = {isa = PBXFileReference; lastKnownFileType = sourcecode.swift; path = MarkerView.swift; sourceTree = "<group>"; };
		DC1D355E22A129BE00BC42E6 /* OthelloDelegate.swift */ = {isa = PBXFileReference; lastKnownFileType = sourcecode.swift; path = OthelloDelegate.swift; sourceTree = "<group>"; };
		DC1D356022A133CD00BC42E6 /* MatchMakingScene.swift */ = {isa = PBXFileReference; lastKnownFileType = sourcecode.swift; path = MatchMakingScene.swift; sourceTree = "<group>"; };
		DC1D356222A1343000BC42E6 /* MatchMakingScene.sks */ = {isa = PBXFileReference; lastKnownFileType = file.sks; path = MatchMakingScene.sks; sourceTree = "<group>"; };
		DC3DBD7722FC4094002E0B99 /* SKScene+Localization.swift */ = {isa = PBXFileReference; lastKnownFileType = sourcecode.swift; path = "SKScene+Localization.swift"; sourceTree = "<group>"; };
		DC3DBD7A22FC43C9002E0B99 /* en */ = {isa = PBXFileReference; lastKnownFileType = text.plist.strings; name = en; path = en.lproj/Localizable.strings; sourceTree = "<group>"; };
		DC3DBD7C22FC4421002E0B99 /* sv */ = {isa = PBXFileReference; lastKnownFileType = text.plist.strings; name = sv; path = sv.lproj/Localizable.strings; sourceTree = "<group>"; };
		DC8D94E922A1357F001091EE /* Player.swift */ = {isa = PBXFileReference; lastKnownFileType = sourcecode.swift; path = Player.swift; sourceTree = "<group>"; };
		DC8D94EB22A13619001091EE /* RandomAIPlayer.swift */ = {isa = PBXFileReference; lastKnownFileType = sourcecode.swift; path = RandomAIPlayer.swift; sourceTree = "<group>"; };
		DC8D94ED22A13E9A001091EE /* NetworkPlayer.swift */ = {isa = PBXFileReference; lastKnownFileType = sourcecode.swift; path = NetworkPlayer.swift; sourceTree = "<group>"; };
		DC8D94EF22A1A0D5001091EE /* GameOverScene.swift */ = {isa = PBXFileReference; lastKnownFileType = sourcecode.swift; path = GameOverScene.swift; sourceTree = "<group>"; };
		DC8D94F122A1A2AD001091EE /* GameOverScene.sks */ = {isa = PBXFileReference; lastKnownFileType = file.sks; path = GameOverScene.sks; sourceTree = "<group>"; };
		DC8D94F322A25EF0001091EE /* MostWinsAIPlayer.swift */ = {isa = PBXFileReference; lastKnownFileType = sourcecode.swift; path = MostWinsAIPlayer.swift; sourceTree = "<group>"; };
		DC8D94F522A2608E001091EE /* WeightedAIPlayer.swift */ = {isa = PBXFileReference; lastKnownFileType = sourcecode.swift; path = WeightedAIPlayer.swift; sourceTree = "<group>"; };
		DC8D94F722A59CB8001091EE /* AlphaBetaAIPlayer.swift */ = {isa = PBXFileReference; lastKnownFileType = sourcecode.swift; path = AlphaBetaAIPlayer.swift; sourceTree = "<group>"; };
/* End PBXFileReference section */

/* Begin PBXFrameworksBuildPhase section */
		DC1D353222A1005800BC42E6 /* Frameworks */ = {
			isa = PBXFrameworksBuildPhase;
			buildActionMask = 2147483647;
			files = (
			);
			runOnlyForDeploymentPostprocessing = 0;
		};
/* End PBXFrameworksBuildPhase section */

/* Begin PBXGroup section */
		DC1D352C22A1005800BC42E6 = {
			isa = PBXGroup;
			children = (
				DC1D353722A1005800BC42E6 /* Othello */,
				DC1D353622A1005800BC42E6 /* Products */,
			);
			sourceTree = "<group>";
		};
		DC1D353622A1005800BC42E6 /* Products */ = {
			isa = PBXGroup;
			children = (
				DC1D353522A1005800BC42E6 /* Othello.app */,
			);
			name = Products;
			sourceTree = "<group>";
		};
		DC1D353722A1005800BC42E6 /* Othello */ = {
			isa = PBXGroup;
			children = (
				DC1D356222A1343000BC42E6 /* MatchMakingScene.sks */,
				DC1D353822A1005800BC42E6 /* AppDelegate.swift */,
				DC1D353A22A1005800BC42E6 /* GameScene.sks */,
				DC1D353E22A1005800BC42E6 /* GameScene.swift */,
				DC1D354022A1005800BC42E6 /* GameViewController.swift */,
				DC1D354222A1005800BC42E6 /* Main.storyboard */,
				DC1D354522A1005A00BC42E6 /* Assets.xcassets */,
				DC1D354722A1005A00BC42E6 /* LaunchScreen.storyboard */,
				DC1D354A22A1005A00BC42E6 /* Info.plist */,
				DC1D355022A100CA00BC42E6 /* LocalNetworking.swift */,
				DC1D355222A100FF00BC42E6 /* OthelloNetwork.swift */,
				DC1D355422A1015700BC42E6 /* Marker.swift */,
				DC1D355622A1030200BC42E6 /* Array2D.swift */,
				DC1D355822A1032800BC42E6 /* Board.swift */,
				DC1D355A22A1244200BC42E6 /* BoardView.swift */,
				DC1D355C22A125BB00BC42E6 /* MarkerView.swift */,
				DC1D355E22A129BE00BC42E6 /* OthelloDelegate.swift */,
				DC1D356022A133CD00BC42E6 /* MatchMakingScene.swift */,
				DC8D94E922A1357F001091EE /* Player.swift */,
				DC8D94EB22A13619001091EE /* RandomAIPlayer.swift */,
				DC8D94ED22A13E9A001091EE /* NetworkPlayer.swift */,
				DC8D94EF22A1A0D5001091EE /* GameOverScene.swift */,
				DC8D94F122A1A2AD001091EE /* GameOverScene.sks */,
				DC8D94F322A25EF0001091EE /* MostWinsAIPlayer.swift */,
				DC8D94F522A2608E001091EE /* WeightedAIPlayer.swift */,
				DC8D94F722A59CB8001091EE /* AlphaBetaAIPlayer.swift */,
				DC3DBD7B22FC43C9002E0B99 /* Localizable.strings */,
				DC3DBD7722FC4094002E0B99 /* SKScene+Localization.swift */,
			);
			path = Othello;
			sourceTree = "<group>";
		};
/* End PBXGroup section */

/* Begin PBXNativeTarget section */
		DC1D353422A1005800BC42E6 /* Othello */ = {
			isa = PBXNativeTarget;
			buildConfigurationList = DC1D354D22A1005A00BC42E6 /* Build configuration list for PBXNativeTarget "Othello" */;
			buildPhases = (
				DC1D353122A1005800BC42E6 /* Sources */,
				DC1D353222A1005800BC42E6 /* Frameworks */,
				DC1D353322A1005800BC42E6 /* Resources */,
			);
			buildRules = (
			);
			dependencies = (
			);
			name = Othello;
			productName = Othello;
			productReference = DC1D353522A1005800BC42E6 /* Othello.app */;
			productType = "com.apple.product-type.application";
		};
/* End PBXNativeTarget section */

/* Begin PBXProject section */
		DC1D352D22A1005800BC42E6 /* Project object */ = {
			isa = PBXProject;
			attributes = {
				LastSwiftUpdateCheck = 1010;
				LastUpgradeCheck = 1010;
				ORGANIZATIONNAME = "Erland Isaksson";
				TargetAttributes = {
					DC1D353422A1005800BC42E6 = {
						CreatedOnToolsVersion = 10.1;
					};
				};
			};
			buildConfigurationList = DC1D353022A1005800BC42E6 /* Build configuration list for PBXProject "Othello" */;
			compatibilityVersion = "Xcode 9.3";
			developmentRegion = en;
			hasScannedForEncodings = 0;
			knownRegions = (
				en,
				Base,
				sv,
			);
			mainGroup = DC1D352C22A1005800BC42E6;
			productRefGroup = DC1D353622A1005800BC42E6 /* Products */;
			projectDirPath = "";
			projectRoot = "";
			targets = (
				DC1D353422A1005800BC42E6 /* Othello */,
			);
		};
/* End PBXProject section */

/* Begin PBXResourcesBuildPhase section */
		DC1D353322A1005800BC42E6 /* Resources */ = {
			isa = PBXResourcesBuildPhase;
			buildActionMask = 2147483647;
			files = (
				DC8D94F222A1A2AD001091EE /* GameOverScene.sks in Resources */,
				DC1D354422A1005800BC42E6 /* Main.storyboard in Resources */,
				DC1D353B22A1005800BC42E6 /* GameScene.sks in Resources */,
				DC1D354622A1005A00BC42E6 /* Assets.xcassets in Resources */,
				DC1D354922A1005A00BC42E6 /* LaunchScreen.storyboard in Resources */,
				DC3DBD7922FC43C9002E0B99 /* Localizable.strings in Resources */,
				DC1D356322A1343000BC42E6 /* MatchMakingScene.sks in Resources */,
			);
			runOnlyForDeploymentPostprocessing = 0;
		};
/* End PBXResourcesBuildPhase section */

/* Begin PBXSourcesBuildPhase section */
		DC1D353122A1005800BC42E6 /* Sources */ = {
			isa = PBXSourcesBuildPhase;
			buildActionMask = 2147483647;
			files = (
				DC1D355F22A129BE00BC42E6 /* OthelloDelegate.swift in Sources */,
				DC1D355722A1030200BC42E6 /* Array2D.swift in Sources */,
				DC1D353F22A1005800BC42E6 /* GameScene.swift in Sources */,
				DC1D354122A1005800BC42E6 /* GameViewController.swift in Sources */,
				DC1D353922A1005800BC42E6 /* AppDelegate.swift in Sources */,
				DC8D94EC22A13619001091EE /* RandomAIPlayer.swift in Sources */,
				DC8D94EA22A1357F001091EE /* Player.swift in Sources */,
				DC8D94F822A59CB9001091EE /* AlphaBetaAIPlayer.swift in Sources */,
				DC1D355122A100CA00BC42E6 /* LocalNetworking.swift in Sources */,
				DC1D355322A100FF00BC42E6 /* OthelloNetwork.swift in Sources */,
				DC1D356122A133CD00BC42E6 /* MatchMakingScene.swift in Sources */,
				DC8D94EE22A13E9A001091EE /* NetworkPlayer.swift in Sources */,
				DC1D355B22A1244200BC42E6 /* BoardView.swift in Sources */,
				DC1D355922A1032800BC42E6 /* Board.swift in Sources */,
				DC1D355D22A125BB00BC42E6 /* MarkerView.swift in Sources */,
				DC8D94F422A25EF0001091EE /* MostWinsAIPlayer.swift in Sources */,
				DC8D94F622A2608E001091EE /* WeightedAIPlayer.swift in Sources */,
				DC3DBD7822FC4094002E0B99 /* SKScene+Localization.swift in Sources */,
				DC1D355522A1015700BC42E6 /* Marker.swift in Sources */,
				DC8D94F022A1A0D5001091EE /* GameOverScene.swift in Sources */,
			);
			runOnlyForDeploymentPostprocessing = 0;
		};
/* End PBXSourcesBuildPhase section */

/* Begin PBXVariantGroup section */
		DC1D354222A1005800BC42E6 /* Main.storyboard */ = {
			isa = PBXVariantGroup;
			children = (
				DC1D354322A1005800BC42E6 /* Base */,
			);
			name = Main.storyboard;
			sourceTree = "<group>";
		};
		DC1D354722A1005A00BC42E6 /* LaunchScreen.storyboard */ = {
			isa = PBXVariantGroup;
			children = (
				DC1D354822A1005A00BC42E6 /* Base */,
			);
			name = LaunchScreen.storyboard;
			sourceTree = "<group>";
		};
		DC3DBD7B22FC43C9002E0B99 /* Localizable.strings */ = {
			isa = PBXVariantGroup;
			children = (
				DC3DBD7A22FC43C9002E0B99 /* en */,
				DC3DBD7C22FC4421002E0B99 /* sv */,
			);
			name = Localizable.strings;
			sourceTree = "<group>";
		};
/* End PBXVariantGroup section */

/* Begin XCBuildConfiguration section */
		DC1D354B22A1005A00BC42E6 /* Debug */ = {
			isa = XCBuildConfiguration;
			buildSettings = {
				ALWAYS_SEARCH_USER_PATHS = NO;
				CLANG_ANALYZER_LOCALIZABILITY_NONLOCALIZED = YES;
				CLANG_ANALYZER_NONNULL = YES;
				CLANG_ANALYZER_NUMBER_OBJECT_CONVERSION = YES_AGGRESSIVE;
				CLANG_CXX_LANGUAGE_STANDARD = "gnu++14";
				CLANG_CXX_LIBRARY = "libc++";
				CLANG_ENABLE_MODULES = YES;
				CLANG_ENABLE_OBJC_ARC = YES;
				CLANG_ENABLE_OBJC_WEAK = YES;
				CLANG_WARN_BLOCK_CAPTURE_AUTORELEASING = YES;
				CLANG_WARN_BOOL_CONVERSION = YES;
				CLANG_WARN_COMMA = YES;
				CLANG_WARN_CONSTANT_CONVERSION = YES;
				CLANG_WARN_DEPRECATED_OBJC_IMPLEMENTATIONS = YES;
				CLANG_WARN_DIRECT_OBJC_ISA_USAGE = YES_ERROR;
				CLANG_WARN_DOCUMENTATION_COMMENTS = YES;
				CLANG_WARN_EMPTY_BODY = YES;
				CLANG_WARN_ENUM_CONVERSION = YES;
				CLANG_WARN_INFINITE_RECURSION = YES;
				CLANG_WARN_INT_CONVERSION = YES;
				CLANG_WARN_NON_LITERAL_NULL_CONVERSION = YES;
				CLANG_WARN_OBJC_IMPLICIT_RETAIN_SELF = YES;
				CLANG_WARN_OBJC_LITERAL_CONVERSION = YES;
				CLANG_WARN_OBJC_ROOT_CLASS = YES_ERROR;
				CLANG_WARN_RANGE_LOOP_ANALYSIS = YES;
				CLANG_WARN_STRICT_PROTOTYPES = YES;
				CLANG_WARN_SUSPICIOUS_MOVE = YES;
				CLANG_WARN_UNGUARDED_AVAILABILITY = YES_AGGRESSIVE;
				CLANG_WARN_UNREACHABLE_CODE = YES;
				CLANG_WARN__DUPLICATE_METHOD_MATCH = YES;
				CODE_SIGN_IDENTITY = "iPhone Developer";
				COPY_PHASE_STRIP = NO;
				DEBUG_INFORMATION_FORMAT = dwarf;
				ENABLE_STRICT_OBJC_MSGSEND = YES;
				ENABLE_TESTABILITY = YES;
				GCC_C_LANGUAGE_STANDARD = gnu11;
				GCC_DYNAMIC_NO_PIC = NO;
				GCC_NO_COMMON_BLOCKS = YES;
				GCC_OPTIMIZATION_LEVEL = 0;
				GCC_PREPROCESSOR_DEFINITIONS = (
					"DEBUG=1",
					"$(inherited)",
				);
				GCC_WARN_64_TO_32_BIT_CONVERSION = YES;
				GCC_WARN_ABOUT_RETURN_TYPE = YES_ERROR;
				GCC_WARN_UNDECLARED_SELECTOR = YES;
				GCC_WARN_UNINITIALIZED_AUTOS = YES_AGGRESSIVE;
				GCC_WARN_UNUSED_FUNCTION = YES;
				GCC_WARN_UNUSED_VARIABLE = YES;
				IPHONEOS_DEPLOYMENT_TARGET = 12.1;
				MTL_ENABLE_DEBUG_INFO = INCLUDE_SOURCE;
				MTL_FAST_MATH = YES;
				ONLY_ACTIVE_ARCH = YES;
				SDKROOT = iphoneos;
				SWIFT_ACTIVE_COMPILATION_CONDITIONS = DEBUG;
				SWIFT_OPTIMIZATION_LEVEL = "-Onone";
			};
			name = Debug;
		};
		DC1D354C22A1005A00BC42E6 /* Release */ = {
			isa = XCBuildConfiguration;
			buildSettings = {
				ALWAYS_SEARCH_USER_PATHS = NO;
				CLANG_ANALYZER_LOCALIZABILITY_NONLOCALIZED = YES;
				CLANG_ANALYZER_NONNULL = YES;
				CLANG_ANALYZER_NUMBER_OBJECT_CONVERSION = YES_AGGRESSIVE;
				CLANG_CXX_LANGUAGE_STANDARD = "gnu++14";
				CLANG_CXX_LIBRARY = "libc++";
				CLANG_ENABLE_MODULES = YES;
				CLANG_ENABLE_OBJC_ARC = YES;
				CLANG_ENABLE_OBJC_WEAK = YES;
				CLANG_WARN_BLOCK_CAPTURE_AUTORELEASING = YES;
				CLANG_WARN_BOOL_CONVERSION = YES;
				CLANG_WARN_COMMA = YES;
				CLANG_WARN_CONSTANT_CONVERSION = YES;
				CLANG_WARN_DEPRECATED_OBJC_IMPLEMENTATIONS = YES;
				CLANG_WARN_DIRECT_OBJC_ISA_USAGE = YES_ERROR;
				CLANG_WARN_DOCUMENTATION_COMMENTS = YES;
				CLANG_WARN_EMPTY_BODY = YES;
				CLANG_WARN_ENUM_CONVERSION = YES;
				CLANG_WARN_INFINITE_RECURSION = YES;
				CLANG_WARN_INT_CONVERSION = YES;
				CLANG_WARN_NON_LITERAL_NULL_CONVERSION = YES;
				CLANG_WARN_OBJC_IMPLICIT_RETAIN_SELF = YES;
				CLANG_WARN_OBJC_LITERAL_CONVERSION = YES;
				CLANG_WARN_OBJC_ROOT_CLASS = YES_ERROR;
				CLANG_WARN_RANGE_LOOP_ANALYSIS = YES;
				CLANG_WARN_STRICT_PROTOTYPES = YES;
				CLANG_WARN_SUSPICIOUS_MOVE = YES;
				CLANG_WARN_UNGUARDED_AVAILABILITY = YES_AGGRESSIVE;
				CLANG_WARN_UNREACHABLE_CODE = YES;
				CLANG_WARN__DUPLICATE_METHOD_MATCH = YES;
				CODE_SIGN_IDENTITY = "iPhone Developer";
				COPY_PHASE_STRIP = NO;
				DEBUG_INFORMATION_FORMAT = "dwarf-with-dsym";
				ENABLE_NS_ASSERTIONS = NO;
				ENABLE_STRICT_OBJC_MSGSEND = YES;
				GCC_C_LANGUAGE_STANDARD = gnu11;
				GCC_NO_COMMON_BLOCKS = YES;
				GCC_WARN_64_TO_32_BIT_CONVERSION = YES;
				GCC_WARN_ABOUT_RETURN_TYPE = YES_ERROR;
				GCC_WARN_UNDECLARED_SELECTOR = YES;
				GCC_WARN_UNINITIALIZED_AUTOS = YES_AGGRESSIVE;
				GCC_WARN_UNUSED_FUNCTION = YES;
				GCC_WARN_UNUSED_VARIABLE = YES;
				IPHONEOS_DEPLOYMENT_TARGET = 12.1;
				MTL_ENABLE_DEBUG_INFO = NO;
				MTL_FAST_MATH = YES;
				SDKROOT = iphoneos;
				SWIFT_COMPILATION_MODE = wholemodule;
				SWIFT_OPTIMIZATION_LEVEL = "-O";
				VALIDATE_PRODUCT = YES;
			};
			name = Release;
		};
		DC1D354E22A1005A00BC42E6 /* Debug */ = {
			isa = XCBuildConfiguration;
			buildSettings = {
				ASSETCATALOG_COMPILER_APPICON_NAME = AppIcon;
				CODE_SIGN_STYLE = Automatic;
				DEVELOPMENT_TEAM = 6R6NEH26ZQ;
				INFOPLIST_FILE = Othello/Info.plist;
				LD_RUNPATH_SEARCH_PATHS = (
					"$(inherited)",
					"@executable_path/Frameworks",
				);
				PRODUCT_BUNDLE_IDENTIFIER = "info.isaksson.erland.Othello-beta";
				PRODUCT_NAME = "$(TARGET_NAME)";
				SWIFT_VERSION = 4.2;
				TARGETED_DEVICE_FAMILY = "1,2";
			};
			name = Debug;
		};
		DC1D354F22A1005A00BC42E6 /* Release */ = {
			isa = XCBuildConfiguration;
			buildSettings = {
				ASSETCATALOG_COMPILER_APPICON_NAME = AppIcon;
				CODE_SIGN_STYLE = Automatic;
				DEVELOPMENT_TEAM = 6R6NEH26ZQ;
				INFOPLIST_FILE = Othello/Info.plist;
				LD_RUNPATH_SEARCH_PATHS = (
					"$(inherited)",
					"@executable_path/Frameworks",
				);
				PRODUCT_BUNDLE_IDENTIFIER = "info.isaksson.erland.Othello-beta";
				PRODUCT_NAME = "$(TARGET_NAME)";
				SWIFT_VERSION = 4.2;
				TARGETED_DEVICE_FAMILY = "1,2";
			};
			name = Release;
		};
/* End XCBuildConfiguration section */

/* Begin XCConfigurationList section */
		DC1D353022A1005800BC42E6 /* Build configuration list for PBXProject "Othello" */ = {
			isa = XCConfigurationList;
			buildConfigurations = (
				DC1D354B22A1005A00BC42E6 /* Debug */,
				DC1D354C22A1005A00BC42E6 /* Release */,
			);
			defaultConfigurationIsVisible = 0;
			defaultConfigurationName = Release;
		};
		DC1D354D22A1005A00BC42E6 /* Build configuration list for PBXNativeTarget "Othello" */ = {
			isa = XCConfigurationList;
			buildConfigurations = (
				DC1D354E22A1005A00BC42E6 /* Debug */,
				DC1D354F22A1005A00BC42E6 /* Release */,
			);
			defaultConfigurationIsVisible = 0;
			defaultConfigurationName = Release;
		};
/* End XCConfigurationList section */
	};
	rootObject = DC1D352D22A1005800BC42E6 /* Project object */;
}
